
Microsoft Visual Studio Solution File, Format Version 12.00
# Visual Studio Version 16
VisualStudioVersion = 16.0.33328.57
MinimumVisualStudioVersion = 10.0.40219.1
Project("{FAE04EC0-301F-11D3-BF4B-00C04F79EFBC}") = "nuevito", "nuevito.csproj", "{3BF54904-71ED-4C73-87D8-66F2A53BC333}"
EndProject
Global
	GlobalSection(SolutionConfigurationPlatforms) = preSolution
		Debug|Any CPU = Debug|Any CPU
		Release|Any CPU = Release|Any CPU
	EndGlobalSection
	GlobalSection(ProjectConfigurationPlatforms) = postSolution
		{3BF54904-71ED-4C73-87D8-66F2A53BC333}.Debug|Any CPU.ActiveCfg = Debug|Any CPU
		{3BF54904-71ED-4C73-87D8-66F2A53BC333}.Debug|Any CPU.Build.0 = Debug|Any CPU
		{3BF54904-71ED-4C73-87D8-66F2A53BC333}.Release|Any CPU.ActiveCfg = Release|Any CPU
		{3BF54904-71ED-4C73-87D8-66F2A53BC333}.Release|Any CPU.Build.0 = Release|Any CPU
	EndGlobalSection
	GlobalSection(SolutionProperties) = preSolution
		HideSolutionNode = FALSE
	EndGlobalSection
	GlobalSection(ExtensibilityGlobals) = postSolution
		SolutionGuid = {EE259ABD-FDFB-4F11-A201-D8A405280009}
	EndGlobalSection
EndGlobal
